// !$*UTF8*$!
{
	archiveVersion = 1;
	classes = {
	};
	objectVersion = 46;
	objects = {

/* Begin PBXBuildFile section */
		9A77152C18D73DCF00174A16 /* Foundation.framework in Frameworks */ = {isa = PBXBuildFile; fileRef = 9A77152B18D73DCF00174A16 /* Foundation.framework */; };
		9A77152E18D73DCF00174A16 /* CoreGraphics.framework in Frameworks */ = {isa = PBXBuildFile; fileRef = 9A77152D18D73DCF00174A16 /* CoreGraphics.framework */; };
		9A77153018D73DCF00174A16 /* UIKit.framework in Frameworks */ = {isa = PBXBuildFile; fileRef = 9A77152F18D73DCF00174A16 /* UIKit.framework */; };
		9A77153618D73DCF00174A16 /* InfoPlist.strings in Resources */ = {isa = PBXBuildFile; fileRef = 9A77153418D73DCF00174A16 /* InfoPlist.strings */; };
		9A77153818D73DCF00174A16 /* main.m in Sources */ = {isa = PBXBuildFile; fileRef = 9A77153718D73DCF00174A16 /* main.m */; };
		9A77153C18D73DCF00174A16 /* RRAppDelegate.m in Sources */ = {isa = PBXBuildFile; fileRef = 9A77153B18D73DCF00174A16 /* RRAppDelegate.m */; };
		9A77153F18D73DCF00174A16 /* UI_iPhone.storyboard in Resources */ = {isa = PBXBuildFile; fileRef = 9A77153D18D73DCF00174A16 /* UI_iPhone.storyboard */; };
		9A77154218D73DCF00174A16 /* RRFirstViewController.m in Sources */ = {isa = PBXBuildFile; fileRef = 9A77154118D73DCF00174A16 /* RRFirstViewController.m */; };
		9A77154518D73DCF00174A16 /* RRSecondViewController.m in Sources */ = {isa = PBXBuildFile; fileRef = 9A77154418D73DCF00174A16 /* RRSecondViewController.m */; };
		9A77154718D73DCF00174A16 /* Images.xcassets in Resources */ = {isa = PBXBuildFile; fileRef = 9A77154618D73DCF00174A16 /* Images.xcassets */; };
		9A77154E18D73DCF00174A16 /* XCTest.framework in Frameworks */ = {isa = PBXBuildFile; fileRef = 9A77154D18D73DCF00174A16 /* XCTest.framework */; };
		9A77154F18D73DCF00174A16 /* Foundation.framework in Frameworks */ = {isa = PBXBuildFile; fileRef = 9A77152B18D73DCF00174A16 /* Foundation.framework */; };
		9A77155018D73DCF00174A16 /* UIKit.framework in Frameworks */ = {isa = PBXBuildFile; fileRef = 9A77152F18D73DCF00174A16 /* UIKit.framework */; };
		9A77155818D73DCF00174A16 /* InfoPlist.strings in Resources */ = {isa = PBXBuildFile; fileRef = 9A77155618D73DCF00174A16 /* InfoPlist.strings */; };
		9A77155A18D73DCF00174A16 /* RadioRelaxFMTests.m in Sources */ = {isa = PBXBuildFile; fileRef = 9A77155918D73DCF00174A16 /* RadioRelaxFMTests.m */; };
		9ACDA6D019C49DFB00FA8081 /* RRAudioPlayer.m in Sources */ = {isa = PBXBuildFile; fileRef = 9ACDA6CF19C49DFB00FA8081 /* RRAudioPlayer.m */; };
		BAB21B291B997B9A0058BBDD /* RRAlbumCoverDownload.m in Sources */ = {isa = PBXBuildFile; fileRef = BAB21B281B997B9A0058BBDD /* RRAlbumCoverDownload.m */; };
		BADD17B81B97324E0039D294 /* RRAudioTrackInfo.m in Sources */ = {isa = PBXBuildFile; fileRef = BADD17B71B97324E0039D294 /* RRAudioTrackInfo.m */; };
		BAE3F6F11F20A69E00E218BC /* UI_iPad.storyboard in Resources */ = {isa = PBXBuildFile; fileRef = BAE3F6EF1F20A69E00E218BC /* UI_iPad.storyboard */; };
/* End PBXBuildFile section */

/* Begin PBXContainerItemProxy section */
		9A77155118D73DCF00174A16 /* PBXContainerItemProxy */ = {
			isa = PBXContainerItemProxy;
			containerPortal = 9A77152018D73DCE00174A16 /* Project object */;
			proxyType = 1;
			remoteGlobalIDString = 9A77152718D73DCF00174A16;
			remoteInfo = RadioRelaxFM;
		};
/* End PBXContainerItemProxy section */

/* Begin PBXFileReference section */
		9A77152818D73DCF00174A16 /* RadioRelaxFM.app */ = {isa = PBXFileReference; explicitFileType = wrapper.application; includeInIndex = 0; path = RadioRelaxFM.app; sourceTree = BUILT_PRODUCTS_DIR; };
		9A77152B18D73DCF00174A16 /* Foundation.framework */ = {isa = PBXFileReference; lastKnownFileType = wrapper.framework; name = Foundation.framework; path = System/Library/Frameworks/Foundation.framework; sourceTree = SDKROOT; };
		9A77152D18D73DCF00174A16 /* CoreGraphics.framework */ = {isa = PBXFileReference; lastKnownFileType = wrapper.framework; name = CoreGraphics.framework; path = System/Library/Frameworks/CoreGraphics.framework; sourceTree = SDKROOT; };
		9A77152F18D73DCF00174A16 /* UIKit.framework */ = {isa = PBXFileReference; lastKnownFileType = wrapper.framework; name = UIKit.framework; path = System/Library/Frameworks/UIKit.framework; sourceTree = SDKROOT; };
		9A77153318D73DCF00174A16 /* RadioRelaxFM-Info.plist */ = {isa = PBXFileReference; lastKnownFileType = text.plist.xml; path = "RadioRelaxFM-Info.plist"; sourceTree = "<group>"; };
		9A77153518D73DCF00174A16 /* en */ = {isa = PBXFileReference; lastKnownFileType = text.plist.strings; name = en; path = en.lproj/InfoPlist.strings; sourceTree = "<group>"; };
		9A77153718D73DCF00174A16 /* main.m */ = {isa = PBXFileReference; lastKnownFileType = sourcecode.c.objc; path = main.m; sourceTree = "<group>"; };
		9A77153918D73DCF00174A16 /* RadioRelaxFM-Prefix.pch */ = {isa = PBXFileReference; lastKnownFileType = sourcecode.c.h; path = "RadioRelaxFM-Prefix.pch"; sourceTree = "<group>"; };
		9A77153A18D73DCF00174A16 /* RRAppDelegate.h */ = {isa = PBXFileReference; lastKnownFileType = sourcecode.c.h; path = RRAppDelegate.h; sourceTree = "<group>"; };
		9A77153B18D73DCF00174A16 /* RRAppDelegate.m */ = {isa = PBXFileReference; lastKnownFileType = sourcecode.c.objc; path = RRAppDelegate.m; sourceTree = "<group>"; };
		9A77153E18D73DCF00174A16 /* Base */ = {isa = PBXFileReference; lastKnownFileType = file.storyboard; name = Base; path = Base.lproj/UI_iPhone.storyboard; sourceTree = "<group>"; };
		9A77154018D73DCF00174A16 /* RRFirstViewController.h */ = {isa = PBXFileReference; lastKnownFileType = sourcecode.c.h; path = RRFirstViewController.h; sourceTree = "<group>"; };
		9A77154118D73DCF00174A16 /* RRFirstViewController.m */ = {isa = PBXFileReference; lastKnownFileType = sourcecode.c.objc; path = RRFirstViewController.m; sourceTree = "<group>"; };
		9A77154318D73DCF00174A16 /* RRSecondViewController.h */ = {isa = PBXFileReference; lastKnownFileType = sourcecode.c.h; path = RRSecondViewController.h; sourceTree = "<group>"; };
		9A77154418D73DCF00174A16 /* RRSecondViewController.m */ = {isa = PBXFileReference; lastKnownFileType = sourcecode.c.objc; path = RRSecondViewController.m; sourceTree = "<group>"; };
		9A77154618D73DCF00174A16 /* Images.xcassets */ = {isa = PBXFileReference; lastKnownFileType = folder.assetcatalog; path = Images.xcassets; sourceTree = "<group>"; };
		9A77154C18D73DCF00174A16 /* RadioRelaxFMTests.xctest */ = {isa = PBXFileReference; explicitFileType = wrapper.cfbundle; includeInIndex = 0; path = RadioRelaxFMTests.xctest; sourceTree = BUILT_PRODUCTS_DIR; };
		9A77154D18D73DCF00174A16 /* XCTest.framework */ = {isa = PBXFileReference; lastKnownFileType = wrapper.framework; name = XCTest.framework; path = Library/Frameworks/XCTest.framework; sourceTree = DEVELOPER_DIR; };
		9A77155518D73DCF00174A16 /* RadioRelaxFMTests-Info.plist */ = {isa = PBXFileReference; lastKnownFileType = text.plist.xml; path = "RadioRelaxFMTests-Info.plist"; sourceTree = "<group>"; };
		9A77155718D73DCF00174A16 /* en */ = {isa = PBXFileReference; lastKnownFileType = text.plist.strings; name = en; path = en.lproj/InfoPlist.strings; sourceTree = "<group>"; };
		9A77155918D73DCF00174A16 /* RadioRelaxFMTests.m */ = {isa = PBXFileReference; lastKnownFileType = sourcecode.c.objc; path = RadioRelaxFMTests.m; sourceTree = "<group>"; };
		9ACDA6CE19C49DFB00FA8081 /* RRAudioPlayer.h */ = {isa = PBXFileReference; fileEncoding = 4; lastKnownFileType = sourcecode.c.h; path = RRAudioPlayer.h; sourceTree = "<group>"; };
		9ACDA6CF19C49DFB00FA8081 /* RRAudioPlayer.m */ = {isa = PBXFileReference; fileEncoding = 4; lastKnownFileType = sourcecode.c.objc; path = RRAudioPlayer.m; sourceTree = "<group>"; };
		BA12036D1F2744E3001CA7B9 /* Constants.h */ = {isa = PBXFileReference; lastKnownFileType = sourcecode.c.h; path = Constants.h; sourceTree = "<group>"; };
		BAB21B271B997B9A0058BBDD /* RRAlbumCoverDownload.h */ = {isa = PBXFileReference; fileEncoding = 4; lastKnownFileType = sourcecode.c.h; path = RRAlbumCoverDownload.h; sourceTree = "<group>"; };
		BAB21B281B997B9A0058BBDD /* RRAlbumCoverDownload.m */ = {isa = PBXFileReference; fileEncoding = 4; lastKnownFileType = sourcecode.c.objc; path = RRAlbumCoverDownload.m; sourceTree = "<group>"; };
		BADD17B61B97324E0039D294 /* RRAudioTrackInfo.h */ = {isa = PBXFileReference; fileEncoding = 4; lastKnownFileType = sourcecode.c.h; path = RRAudioTrackInfo.h; sourceTree = "<group>"; };
		BADD17B71B97324E0039D294 /* RRAudioTrackInfo.m */ = {isa = PBXFileReference; fileEncoding = 4; lastKnownFileType = sourcecode.c.objc; path = RRAudioTrackInfo.m; sourceTree = "<group>"; };
		BAE3F6F01F20A69E00E218BC /* Base */ = {isa = PBXFileReference; lastKnownFileType = file.storyboard; name = Base; path = Base.lproj/UI_iPad.storyboard; sourceTree = "<group>"; };
/* End PBXFileReference section */

/* Begin PBXFrameworksBuildPhase section */
		9A77152518D73DCF00174A16 /* Frameworks */ = {
			isa = PBXFrameworksBuildPhase;
			buildActionMask = 2147483647;
			files = (
				9A77152E18D73DCF00174A16 /* CoreGraphics.framework in Frameworks */,
				9A77153018D73DCF00174A16 /* UIKit.framework in Frameworks */,
				9A77152C18D73DCF00174A16 /* Foundation.framework in Frameworks */,
			);
			runOnlyForDeploymentPostprocessing = 0;
		};
		9A77154918D73DCF00174A16 /* Frameworks */ = {
			isa = PBXFrameworksBuildPhase;
			buildActionMask = 2147483647;
			files = (
				9A77154E18D73DCF00174A16 /* XCTest.framework in Frameworks */,
				9A77155018D73DCF00174A16 /* UIKit.framework in Frameworks */,
				9A77154F18D73DCF00174A16 /* Foundation.framework in Frameworks */,
			);
			runOnlyForDeploymentPostprocessing = 0;
		};
/* End PBXFrameworksBuildPhase section */

/* Begin PBXGroup section */
		9A77151F18D73DCE00174A16 = {
			isa = PBXGroup;
			children = (
				9A77153118D73DCF00174A16 /* RadioRelaxFM */,
				9A77155318D73DCF00174A16 /* RadioRelaxFM Tests */,
				9A77152A18D73DCF00174A16 /* Frameworks */,
				9A77152918D73DCF00174A16 /* Products */,
			);
			sourceTree = "<group>";
		};
		9A77152918D73DCF00174A16 /* Products */ = {
			isa = PBXGroup;
			children = (
				9A77152818D73DCF00174A16 /* RadioRelaxFM.app */,
				9A77154C18D73DCF00174A16 /* RadioRelaxFMTests.xctest */,
			);
			name = Products;
			sourceTree = "<group>";
		};
		9A77152A18D73DCF00174A16 /* Frameworks */ = {
			isa = PBXGroup;
			children = (
				9A77152B18D73DCF00174A16 /* Foundation.framework */,
				9A77152D18D73DCF00174A16 /* CoreGraphics.framework */,
				9A77152F18D73DCF00174A16 /* UIKit.framework */,
				9A77154D18D73DCF00174A16 /* XCTest.framework */,
			);
			name = Frameworks;
			sourceTree = "<group>";
		};
		9A77153118D73DCF00174A16 /* RadioRelaxFM */ = {
			isa = PBXGroup;
			children = (
				9A77153A18D73DCF00174A16 /* RRAppDelegate.h */,
				9A77153B18D73DCF00174A16 /* RRAppDelegate.m */,
				9A77153D18D73DCF00174A16 /* UI_iPhone.storyboard */,
				9A77154018D73DCF00174A16 /* RRFirstViewController.h */,
				9A77154118D73DCF00174A16 /* RRFirstViewController.m */,
				9A77154418D73DCF00174A16 /* RRSecondViewController.m */,
				9A77154318D73DCF00174A16 /* RRSecondViewController.h */,
				9A77154618D73DCF00174A16 /* Images.xcassets */,
				9A77153218D73DCF00174A16 /* Supporting Files */,
				9ACDA6CE19C49DFB00FA8081 /* RRAudioPlayer.h */,
				9ACDA6CF19C49DFB00FA8081 /* RRAudioPlayer.m */,
				BADD17B61B97324E0039D294 /* RRAudioTrackInfo.h */,
				BADD17B71B97324E0039D294 /* RRAudioTrackInfo.m */,
				BAB21B271B997B9A0058BBDD /* RRAlbumCoverDownload.h */,
				BAB21B281B997B9A0058BBDD /* RRAlbumCoverDownload.m */,
				BAE3F6EF1F20A69E00E218BC /* UI_iPad.storyboard */,
				BA12036D1F2744E3001CA7B9 /* Constants.h */,
			);
			path = RadioRelaxFM;
			sourceTree = "<group>";
		};
		9A77153218D73DCF00174A16 /* Supporting Files */ = {
			isa = PBXGroup;
			children = (
				9A77153318D73DCF00174A16 /* RadioRelaxFM-Info.plist */,
				9A77153418D73DCF00174A16 /* InfoPlist.strings */,
				9A77153718D73DCF00174A16 /* main.m */,
				9A77153918D73DCF00174A16 /* RadioRelaxFM-Prefix.pch */,
			);
			name = "Supporting Files";
			sourceTree = "<group>";
		};
		9A77155318D73DCF00174A16 /* RadioRelaxFM Tests */ = {
			isa = PBXGroup;
			children = (
				9A77155918D73DCF00174A16 /* RadioRelaxFMTests.m */,
				9A77155418D73DCF00174A16 /* Supporting Files */,
			);
			name = "RadioRelaxFM Tests";
			path = RadioRelaxFMTests;
			sourceTree = "<group>";
		};
		9A77155418D73DCF00174A16 /* Supporting Files */ = {
			isa = PBXGroup;
			children = (
				9A77155518D73DCF00174A16 /* RadioRelaxFMTests-Info.plist */,
				9A77155618D73DCF00174A16 /* InfoPlist.strings */,
			);
			name = "Supporting Files";
			sourceTree = "<group>";
		};
/* End PBXGroup section */

/* Begin PBXNativeTarget section */
		9A77152718D73DCF00174A16 /* RadioRelaxFM */ = {
			isa = PBXNativeTarget;
			buildConfigurationList = 9A77155D18D73DCF00174A16 /* Build configuration list for PBXNativeTarget "RadioRelaxFM" */;
			buildPhases = (
				9A77152418D73DCF00174A16 /* Sources */,
				9A77152518D73DCF00174A16 /* Frameworks */,
				9A77152618D73DCF00174A16 /* Resources */,
			);
			buildRules = (
			);
			dependencies = (
			);
			name = RadioRelaxFM;
			productName = RadioRelaxFM;
			productReference = 9A77152818D73DCF00174A16 /* RadioRelaxFM.app */;
			productType = "com.apple.product-type.application";
		};
		9A77154B18D73DCF00174A16 /* RadioRelaxFMTests */ = {
			isa = PBXNativeTarget;
			buildConfigurationList = 9A77156018D73DCF00174A16 /* Build configuration list for PBXNativeTarget "RadioRelaxFMTests" */;
			buildPhases = (
				9A77154818D73DCF00174A16 /* Sources */,
				9A77154918D73DCF00174A16 /* Frameworks */,
				9A77154A18D73DCF00174A16 /* Resources */,
			);
			buildRules = (
			);
			dependencies = (
				9A77155218D73DCF00174A16 /* PBXTargetDependency */,
			);
			name = RadioRelaxFMTests;
			productName = RadioRelaxFMTests;
			productReference = 9A77154C18D73DCF00174A16 /* RadioRelaxFMTests.xctest */;
			productType = "com.apple.product-type.bundle.unit-test";
		};
/* End PBXNativeTarget section */

/* Begin PBXProject section */
		9A77152018D73DCE00174A16 /* Project object */ = {
			isa = PBXProject;
			attributes = {
				CLASSPREFIX = RM;
				LastUpgradeCheck = 0830;
				ORGANIZATIONNAME = Deltasoft;
				TargetAttributes = {
					9A77152718D73DCF00174A16 = {
						DevelopmentTeam = A43ZVNV86W;
						ProvisioningStyle = Automatic;
						SystemCapabilities = {
							com.apple.BackgroundModes = {
								enabled = 1;
							};
						};
					};
					9A77154B18D73DCF00174A16 = {
						DevelopmentTeam = A43ZVNV86W;
						ProvisioningStyle = Automatic;
						TestTargetID = 9A77152718D73DCF00174A16;
					};
				};
			};
			buildConfigurationList = 9A77152318D73DCE00174A16 /* Build configuration list for PBXProject "RadioRelaxFM" */;
			compatibilityVersion = "Xcode 3.2";
			developmentRegion = English;
			hasScannedForEncodings = 0;
			knownRegions = (
				en,
				Base,
			);
			mainGroup = 9A77151F18D73DCE00174A16;
			productRefGroup = 9A77152918D73DCF00174A16 /* Products */;
			projectDirPath = "";
			projectRoot = "";
			targets = (
				9A77152718D73DCF00174A16 /* RadioRelaxFM */,
				9A77154B18D73DCF00174A16 /* RadioRelaxFMTests */,
			);
		};
/* End PBXProject section */

/* Begin PBXResourcesBuildPhase section */
		9A77152618D73DCF00174A16 /* Resources */ = {
			isa = PBXResourcesBuildPhase;
			buildActionMask = 2147483647;
			files = (
				BAE3F6F11F20A69E00E218BC /* UI_iPad.storyboard in Resources */,
				9A77154718D73DCF00174A16 /* Images.xcassets in Resources */,
				9A77153618D73DCF00174A16 /* InfoPlist.strings in Resources */,
				9A77153F18D73DCF00174A16 /* UI_iPhone.storyboard in Resources */,
			);
			runOnlyForDeploymentPostprocessing = 0;
		};
		9A77154A18D73DCF00174A16 /* Resources */ = {
			isa = PBXResourcesBuildPhase;
			buildActionMask = 2147483647;
			files = (
				9A77155818D73DCF00174A16 /* InfoPlist.strings in Resources */,
			);
			runOnlyForDeploymentPostprocessing = 0;
		};
/* End PBXResourcesBuildPhase section */

/* Begin PBXSourcesBuildPhase section */
		9A77152418D73DCF00174A16 /* Sources */ = {
			isa = PBXSourcesBuildPhase;
			buildActionMask = 2147483647;
			files = (
				BADD17B81B97324E0039D294 /* RRAudioTrackInfo.m in Sources */,
				9A77154218D73DCF00174A16 /* RRFirstViewController.m in Sources */,
				9A77154518D73DCF00174A16 /* RRSecondViewController.m in Sources */,
				9A77153818D73DCF00174A16 /* main.m in Sources */,
				9A77153C18D73DCF00174A16 /* RRAppDelegate.m in Sources */,
				BAB21B291B997B9A0058BBDD /* RRAlbumCoverDownload.m in Sources */,
				9ACDA6D019C49DFB00FA8081 /* RRAudioPlayer.m in Sources */,
			);
			runOnlyForDeploymentPostprocessing = 0;
		};
		9A77154818D73DCF00174A16 /* Sources */ = {
			isa = PBXSourcesBuildPhase;
			buildActionMask = 2147483647;
			files = (
				9A77155A18D73DCF00174A16 /* RadioRelaxFMTests.m in Sources */,
			);
			runOnlyForDeploymentPostprocessing = 0;
		};
/* End PBXSourcesBuildPhase section */

/* Begin PBXTargetDependency section */
		9A77155218D73DCF00174A16 /* PBXTargetDependency */ = {
			isa = PBXTargetDependency;
			target = 9A77152718D73DCF00174A16 /* RadioRelaxFM */;
			targetProxy = 9A77155118D73DCF00174A16 /* PBXContainerItemProxy */;
		};
/* End PBXTargetDependency section */

/* Begin PBXVariantGroup section */
		9A77153418D73DCF00174A16 /* InfoPlist.strings */ = {
			isa = PBXVariantGroup;
			children = (
				9A77153518D73DCF00174A16 /* en */,
			);
			name = InfoPlist.strings;
			sourceTree = "<group>";
		};
		9A77153D18D73DCF00174A16 /* UI_iPhone.storyboard */ = {
			isa = PBXVariantGroup;
			children = (
				9A77153E18D73DCF00174A16 /* Base */,
			);
			name = UI_iPhone.storyboard;
			sourceTree = "<group>";
		};
		9A77155618D73DCF00174A16 /* InfoPlist.strings */ = {
			isa = PBXVariantGroup;
			children = (
				9A77155718D73DCF00174A16 /* en */,
			);
			name = InfoPlist.strings;
			sourceTree = "<group>";
		};
		BAE3F6EF1F20A69E00E218BC /* UI_iPad.storyboard */ = {
			isa = PBXVariantGroup;
			children = (
				BAE3F6F01F20A69E00E218BC /* Base */,
			);
			name = UI_iPad.storyboard;
			sourceTree = "<group>";
		};
/* End PBXVariantGroup section */

/* Begin XCBuildConfiguration section */
		9A77155B18D73DCF00174A16 /* Debug */ = {
			isa = XCBuildConfiguration;
			buildSettings = {
				ALWAYS_SEARCH_USER_PATHS = NO;
				CLANG_CXX_LANGUAGE_STANDARD = "gnu++0x";
				CLANG_CXX_LIBRARY = "libc++";
				CLANG_ENABLE_MODULES = YES;
				CLANG_ENABLE_OBJC_ARC = YES;
				CLANG_WARN_BOOL_CONVERSION = YES;
				CLANG_WARN_CONSTANT_CONVERSION = YES;
				CLANG_WARN_DIRECT_OBJC_ISA_USAGE = YES_ERROR;
				CLANG_WARN_EMPTY_BODY = YES;
				CLANG_WARN_ENUM_CONVERSION = YES;
				CLANG_WARN_INFINITE_RECURSION = YES;
				CLANG_WARN_INT_CONVERSION = YES;
				CLANG_WARN_OBJC_ROOT_CLASS = YES_ERROR;
				CLANG_WARN_SUSPICIOUS_MOVE = YES;
				CLANG_WARN_UNREACHABLE_CODE = YES;
				CLANG_WARN__DUPLICATE_METHOD_MATCH = YES;
				CODE_SIGN_IDENTITY = "iPhone Developer";
				"CODE_SIGN_IDENTITY[sdk=iphoneos*]" = "iPhone Developer";
				COPY_PHASE_STRIP = NO;
				ENABLE_STRICT_OBJC_MSGSEND = YES;
				ENABLE_TESTABILITY = YES;
				GCC_C_LANGUAGE_STANDARD = gnu99;
				GCC_DYNAMIC_NO_PIC = NO;
				GCC_NO_COMMON_BLOCKS = YES;
				GCC_OPTIMIZATION_LEVEL = 0;
				GCC_PREPROCESSOR_DEFINITIONS = (
					"DEBUG=1",
					"$(inherited)",
				);
				GCC_SYMBOLS_PRIVATE_EXTERN = NO;
				GCC_WARN_64_TO_32_BIT_CONVERSION = YES;
				GCC_WARN_ABOUT_RETURN_TYPE = YES_ERROR;
				GCC_WARN_UNDECLARED_SELECTOR = YES;
				GCC_WARN_UNINITIALIZED_AUTOS = YES;
				GCC_WARN_UNUSED_FUNCTION = YES;
				GCC_WARN_UNUSED_VARIABLE = YES;
				IPHONEOS_DEPLOYMENT_TARGET = 9.0;
				ONLY_ACTIVE_ARCH = YES;
				SDKROOT = iphoneos;
			};
			name = Debug;
		};
		9A77155C18D73DCF00174A16 /* Release */ = {
			isa = XCBuildConfiguration;
			buildSettings = {
				ALWAYS_SEARCH_USER_PATHS = NO;
				CLANG_CXX_LANGUAGE_STANDARD = "gnu++0x";
				CLANG_CXX_LIBRARY = "libc++";
				CLANG_ENABLE_MODULES = YES;
				CLANG_ENABLE_OBJC_ARC = YES;
				CLANG_WARN_BOOL_CONVERSION = YES;
				CLANG_WARN_CONSTANT_CONVERSION = YES;
				CLANG_WARN_DIRECT_OBJC_ISA_USAGE = YES_ERROR;
				CLANG_WARN_EMPTY_BODY = YES;
				CLANG_WARN_ENUM_CONVERSION = YES;
				CLANG_WARN_INFINITE_RECURSION = YES;
				CLANG_WARN_INT_CONVERSION = YES;
				CLANG_WARN_OBJC_ROOT_CLASS = YES_ERROR;
				CLANG_WARN_SUSPICIOUS_MOVE = YES;
				CLANG_WARN_UNREACHABLE_CODE = YES;
				CLANG_WARN__DUPLICATE_METHOD_MATCH = YES;
				CODE_SIGN_IDENTITY = "iPhone Developer";
				"CODE_SIGN_IDENTITY[sdk=iphoneos*]" = "iPhone Developer";
				COPY_PHASE_STRIP = YES;
				ENABLE_NS_ASSERTIONS = NO;
				ENABLE_STRICT_OBJC_MSGSEND = YES;
				GCC_C_LANGUAGE_STANDARD = gnu99;
				GCC_NO_COMMON_BLOCKS = YES;
				GCC_WARN_64_TO_32_BIT_CONVERSION = YES;
				GCC_WARN_ABOUT_RETURN_TYPE = YES_ERROR;
				GCC_WARN_UNDECLARED_SELECTOR = YES;
				GCC_WARN_UNINITIALIZED_AUTOS = YES;
				GCC_WARN_UNUSED_FUNCTION = YES;
				GCC_WARN_UNUSED_VARIABLE = YES;
				IPHONEOS_DEPLOYMENT_TARGET = 9.0;
				SDKROOT = iphoneos;
				VALIDATE_PRODUCT = YES;
			};
			name = Release;
		};
		9A77155E18D73DCF00174A16 /* Debug */ = {
			isa = XCBuildConfiguration;
			buildSettings = {
				ASSETCATALOG_COMPILER_APPICON_NAME = AppIcon;
				ASSETCATALOG_COMPILER_LAUNCHIMAGE_NAME = "LaunchImage-2";
				CODE_SIGN_IDENTITY = "iPhone Developer";
				"CODE_SIGN_IDENTITY[sdk=iphoneos*]" = "iPhone Developer";
				DEVELOPMENT_TEAM = A43ZVNV86W;
				GCC_PRECOMPILE_PREFIX_HEADER = YES;
				GCC_PREFIX_HEADER = "RadioRelaxFM/RadioRelaxFM-Prefix.pch";
				INFOPLIST_FILE = "RadioRelaxFM/RadioRelaxFM-Info.plist";
				IPHONEOS_DEPLOYMENT_TARGET = 9.0;
				PRODUCT_BUNDLE_IDENTIFIER = com.ds.RadioRelaxFM;
				PRODUCT_NAME = "$(TARGET_NAME)";
				PROVISIONING_PROFILE_SPECIFIER = "";
				TARGETED_DEVICE_FAMILY = "1,2";
				WRAPPER_EXTENSION = app;
			};
			name = Debug;
		};
		9A77155F18D73DCF00174A16 /* Release */ = {
			isa = XCBuildConfiguration;
			buildSettings = {
				ASSETCATALOG_COMPILER_APPICON_NAME = AppIcon;
				ASSETCATALOG_COMPILER_LAUNCHIMAGE_NAME = "LaunchImage-2";
				CODE_SIGN_IDENTITY = "iPhone Developer";
				"CODE_SIGN_IDENTITY[sdk=iphoneos*]" = "iPhone Developer";
				DEVELOPMENT_TEAM = A43ZVNV86W;
				GCC_PRECOMPILE_PREFIX_HEADER = YES;
				GCC_PREFIX_HEADER = "RadioRelaxFM/RadioRelaxFM-Prefix.pch";
				INFOPLIST_FILE = "RadioRelaxFM/RadioRelaxFM-Info.plist";
				IPHONEOS_DEPLOYMENT_TARGET = 9.0;
				PRODUCT_BUNDLE_IDENTIFIER = com.ds.RadioRelaxFM;
				PRODUCT_NAME = "$(TARGET_NAME)";
				PROVISIONING_PROFILE_SPECIFIER = "";
				TARGETED_DEVICE_FAMILY = "1,2";
				WRAPPER_EXTENSION = app;
			};
			name = Release;
		};
		9A77156118D73DCF00174A16 /* Debug */ = {
			isa = XCBuildConfiguration;
			buildSettings = {
				BUNDLE_LOADER = "$(BUILT_PRODUCTS_DIR)/RadioRelaxFM.app/RadioRelaxFM";
				"CODE_SIGN_IDENTITY[sdk=iphoneos*]" = "iPhone Developer";
				DEVELOPMENT_TEAM = A43ZVNV86W;
				FRAMEWORK_SEARCH_PATHS = (
					"$(SDKROOT)/Developer/Library/Frameworks",
					"$(inherited)",
					"$(DEVELOPER_FRAMEWORKS_DIR)",
				);
				GCC_PRECOMPILE_PREFIX_HEADER = YES;
				GCC_PREFIX_HEADER = "RadioRelaxFM/RadioRelaxFM-Prefix.pch";
				GCC_PREPROCESSOR_DEFINITIONS = (
					"DEBUG=1",
					"$(inherited)",
				);
				INFOPLIST_FILE = "RadioRelaxFMTests/RadioRelaxFMTests-Info.plist";
				PRODUCT_BUNDLE_IDENTIFIER = "com.ds.${PRODUCT_NAME:rfc1034identifier}";
				PRODUCT_NAME = RadioRelaxFMTests;
				PROVISIONING_PROFILE_SPECIFIER = "";
				TEST_HOST = "$(BUNDLE_LOADER)";
				WRAPPER_EXTENSION = xctest;
			};
			name = Debug;
		};
		9A77156218D73DCF00174A16 /* Release */ = {
			isa = XCBuildConfiguration;
			buildSettings = {
				BUNDLE_LOADER = "$(BUILT_PRODUCTS_DIR)/RadioRelaxFM.app/RadioRelaxFM";
				"CODE_SIGN_IDENTITY[sdk=iphoneos*]" = "iPhone Developer";
				DEVELOPMENT_TEAM = A43ZVNV86W;
				FRAMEWORK_SEARCH_PATHS = (
					"$(SDKROOT)/Developer/Library/Frameworks",
					"$(inherited)",
					"$(DEVELOPER_FRAMEWORKS_DIR)",
				);
				GCC_PRECOMPILE_PREFIX_HEADER = YES;
				GCC_PREFIX_HEADER = "RadioRelaxFM/RadioRelaxFM-Prefix.pch";
				INFOPLIST_FILE = "RadioRelaxFMTests/RadioRelaxFMTests-Info.plist";
				PRODUCT_BUNDLE_IDENTIFIER = "com.ds.${PRODUCT_NAME:rfc1034identifier}";
				PRODUCT_NAME = RadioRelaxFMTests;
				PROVISIONING_PROFILE_SPECIFIER = "";
				TEST_HOST = "$(BUNDLE_LOADER)";
				WRAPPER_EXTENSION = xctest;
			};
			name = Release;
		};
/* End XCBuildConfiguration section */

/* Begin XCConfigurationList section */
		9A77152318D73DCE00174A16 /* Build configuration list for PBXProject "RadioRelaxFM" */ = {
			isa = XCConfigurationList;
			buildConfigurations = (
				9A77155B18D73DCF00174A16 /* Debug */,
				9A77155C18D73DCF00174A16 /* Release */,
			);
			defaultConfigurationIsVisible = 0;
			defaultConfigurationName = Release;
		};
		9A77155D18D73DCF00174A16 /* Build configuration list for PBXNativeTarget "RadioRelaxFM" */ = {
			isa = XCConfigurationList;
			buildConfigurations = (
				9A77155E18D73DCF00174A16 /* Debug */,
				9A77155F18D73DCF00174A16 /* Release */,
			);
			defaultConfigurationIsVisible = 0;
			defaultConfigurationName = Release;
		};
		9A77156018D73DCF00174A16 /* Build configuration list for PBXNativeTarget "RadioRelaxFMTests" */ = {
			isa = XCConfigurationList;
			buildConfigurations = (
				9A77156118D73DCF00174A16 /* Debug */,
				9A77156218D73DCF00174A16 /* Release */,
			);
			defaultConfigurationIsVisible = 0;
			defaultConfigurationName = Release;
		};
/* End XCConfigurationList section */
	};
	rootObject = 9A77152018D73DCE00174A16 /* Project object */;
}
